
Microsoft Visual Studio Solution File, Format Version 12.00
# Visual Studio Version 16
VisualStudioVersion = 16.0.30907.101
MinimumVisualStudioVersion = 10.0.40219.1
Project("{FAE04EC0-301F-11D3-BF4B-00C04F79EFBC}") = "IntroDecisionMaking", "IntroDecisionMaking\IntroDecisionMaking.csproj", "{EBC28D58-9517-4255-A99C-E009FEB6430D}"
EndProject
Global
	GlobalSection(SolutionConfigurationPlatforms) = preSolution
		Debug|Any CPU = Debug|Any CPU
		Release|Any CPU = Release|Any CPU
	EndGlobalSection
	GlobalSection(ProjectConfigurationPlatforms) = postSolution
		{EBC28D58-9517-4255-A99C-E009FEB6430D}.Debug|Any CPU.ActiveCfg = Debug|Any CPU
		{EBC28D58-9517-4255-A99C-E009FEB6430D}.Debug|Any CPU.Build.0 = Debug|Any CPU
		{EBC28D58-9517-4255-A99C-E009FEB6430D}.Release|Any CPU.ActiveCfg = Release|Any CPU
		{EBC28D58-9517-4255-A99C-E009FEB6430D}.Release|Any CPU.Build.0 = Release|Any CPU
	EndGlobalSection
	GlobalSection(SolutionProperties) = preSolution
		HideSolutionNode = FALSE
	EndGlobalSection
	GlobalSection(ExtensibilityGlobals) = postSolution
		SolutionGuid = {64C0BF09-7102-4445-9494-5B127BA36AFC}
	EndGlobalSection
EndGlobal
